
Microsoft Visual Studio Solution File, Format Version 12.00
# Visual Studio Version 17
VisualStudioVersion = 17.5.002.0
MinimumVisualStudioVersion = 10.0.40219.1
Project("{9A19103F-16F7-4668-BE54-9A1E7A4F7556}") = "ProyectoDentista", "ProyectoDentista.csproj", "{F44AEED9-1EDD-4CA9-8A18-D9327B2A3650}"
EndProject
Global
	GlobalSection(SolutionConfigurationPlatforms) = preSolution
		Debug|Any CPU = Debug|Any CPU
		Release|Any CPU = Release|Any CPU
	EndGlobalSection
	GlobalSection(ProjectConfigurationPlatforms) = postSolution
		{F44AEED9-1EDD-4CA9-8A18-D9327B2A3650}.Debug|Any CPU.ActiveCfg = Debug|Any CPU
		{F44AEED9-1EDD-4CA9-8A18-D9327B2A3650}.Debug|Any CPU.Build.0 = Debug|Any CPU
		{F44AEED9-1EDD-4CA9-8A18-D9327B2A3650}.Release|Any CPU.ActiveCfg = Release|Any CPU
		{F44AEED9-1EDD-4CA9-8A18-D9327B2A3650}.Release|Any CPU.Build.0 = Release|Any CPU
	EndGlobalSection
	GlobalSection(SolutionProperties) = preSolution
		HideSolutionNode = FALSE
	EndGlobalSection
	GlobalSection(ExtensibilityGlobals) = postSolution
		SolutionGuid = {9936061F-DD7D-45DE-8024-85CA859C222A}
	EndGlobalSection
EndGlobal
